
Microsoft Visual Studio Solution File, Format Version 12.00
# Visual Studio Version 17
VisualStudioVersion = 17.1.32414.318
MinimumVisualStudioVersion = 10.0.40219.1
Project("{FAE04EC0-301F-11D3-BF4B-00C04F79EFBC}") = "EmitEvent", "EmitEvent\EmitEvent.csproj", "{5258D1B1-2AF1-4FD2-B41B-F46B2F62FECC}"
EndProject
Global
	GlobalSection(SolutionConfigurationPlatforms) = preSolution
		Debug|Any CPU = Debug|Any CPU
		Release|Any CPU = Release|Any CPU
	EndGlobalSection
	GlobalSection(ProjectConfigurationPlatforms) = postSolution
		{5258D1B1-2AF1-4FD2-B41B-F46B2F62FECC}.Debug|Any CPU.ActiveCfg = Debug|Any CPU
		{5258D1B1-2AF1-4FD2-B41B-F46B2F62FECC}.Debug|Any CPU.Build.0 = Debug|Any CPU
		{5258D1B1-2AF1-4FD2-B41B-F46B2F62FECC}.Release|Any CPU.ActiveCfg = Release|Any CPU
		{5258D1B1-2AF1-4FD2-B41B-F46B2F62FECC}.Release|Any CPU.Build.0 = Release|Any CPU
	EndGlobalSection
	GlobalSection(SolutionProperties) = preSolution
		HideSolutionNode = FALSE
	EndGlobalSection
	GlobalSection(ExtensibilityGlobals) = postSolution
		SolutionGuid = {79D2D088-0A5E-4865-870E-C34214C649B8}
	EndGlobalSection
EndGlobal
